
Microsoft Visual Studio Solution File, Format Version 12.00
# Visual Studio Version 16
VisualStudioVersion = 16.0.29926.136
MinimumVisualStudioVersion = 10.0.40219.1
Project("{9A19103F-16F7-4668-BE54-9A1E7A4F7556}") = "DemoConsoleApp", "DemoConsoleApp\DemoConsoleApp.csproj", "{C28EFFA8-37AB-4DE4-A36F-1A916EF18A68}"
EndProject
Project("{9A19103F-16F7-4668-BE54-9A1E7A4F7556}") = "Domain", "Domain\Domain.csproj", "{7D7CB153-AE6C-42DC-A0CC-008861590FD2}"
EndProject
Project("{9A19103F-16F7-4668-BE54-9A1E7A4F7556}") = "Repository", "Repositories\Repository.csproj", "{346EDF06-C5DC-429A-B975-0846BC9B5AD9}"
EndProject
Project("{9A19103F-16F7-4668-BE54-9A1E7A4F7556}") = "Core", "DI\Core.csproj", "{FCF2EE8D-0CD2-4AC7-85FB-B0472972C871}"
EndProject
Project("{FAE04EC0-301F-11D3-BF4B-00C04F79EFBC}") = "Utilities", "Utilities\Utilities.csproj", "{1959E117-FA34-43F5-846C-9FE4B6163A15}"
EndProject
Global
	GlobalSection(SolutionConfigurationPlatforms) = preSolution
		Debug|Any CPU = Debug|Any CPU
		Release|Any CPU = Release|Any CPU
	EndGlobalSection
	GlobalSection(ProjectConfigurationPlatforms) = postSolution
		{C28EFFA8-37AB-4DE4-A36F-1A916EF18A68}.Debug|Any CPU.ActiveCfg = Debug|Any CPU
		{C28EFFA8-37AB-4DE4-A36F-1A916EF18A68}.Debug|Any CPU.Build.0 = Debug|Any CPU
		{C28EFFA8-37AB-4DE4-A36F-1A916EF18A68}.Release|Any CPU.ActiveCfg = Release|Any CPU
		{C28EFFA8-37AB-4DE4-A36F-1A916EF18A68}.Release|Any CPU.Build.0 = Release|Any CPU
		{7D7CB153-AE6C-42DC-A0CC-008861590FD2}.Debug|Any CPU.ActiveCfg = Debug|Any CPU
		{7D7CB153-AE6C-42DC-A0CC-008861590FD2}.Debug|Any CPU.Build.0 = Debug|Any CPU
		{7D7CB153-AE6C-42DC-A0CC-008861590FD2}.Release|Any CPU.ActiveCfg = Release|Any CPU
		{7D7CB153-AE6C-42DC-A0CC-008861590FD2}.Release|Any CPU.Build.0 = Release|Any CPU
		{346EDF06-C5DC-429A-B975-0846BC9B5AD9}.Debug|Any CPU.ActiveCfg = Debug|Any CPU
		{346EDF06-C5DC-429A-B975-0846BC9B5AD9}.Debug|Any CPU.Build.0 = Debug|Any CPU
		{346EDF06-C5DC-429A-B975-0846BC9B5AD9}.Release|Any CPU.ActiveCfg = Release|Any CPU
		{346EDF06-C5DC-429A-B975-0846BC9B5AD9}.Release|Any CPU.Build.0 = Release|Any CPU
		{FCF2EE8D-0CD2-4AC7-85FB-B0472972C871}.Debug|Any CPU.ActiveCfg = Debug|Any CPU
		{FCF2EE8D-0CD2-4AC7-85FB-B0472972C871}.Debug|Any CPU.Build.0 = Debug|Any CPU
		{FCF2EE8D-0CD2-4AC7-85FB-B0472972C871}.Release|Any CPU.ActiveCfg = Release|Any CPU
		{FCF2EE8D-0CD2-4AC7-85FB-B0472972C871}.Release|Any CPU.Build.0 = Release|Any CPU
		{1959E117-FA34-43F5-846C-9FE4B6163A15}.Debug|Any CPU.ActiveCfg = Debug|Any CPU
		{1959E117-FA34-43F5-846C-9FE4B6163A15}.Debug|Any CPU.Build.0 = Debug|Any CPU
		{1959E117-FA34-43F5-846C-9FE4B6163A15}.Release|Any CPU.ActiveCfg = Release|Any CPU
		{1959E117-FA34-43F5-846C-9FE4B6163A15}.Release|Any CPU.Build.0 = Release|Any CPU
	EndGlobalSection
	GlobalSection(SolutionProperties) = preSolution
		HideSolutionNode = FALSE
	EndGlobalSection
	GlobalSection(ExtensibilityGlobals) = postSolution
		SolutionGuid = {754E8D11-916A-4CE6-9503-D168C2065C0C}
	EndGlobalSection
EndGlobal
